
Microsoft Visual Studio Solution File, Format Version 12.00
# Visual Studio 15
VisualStudioVersion = 15.0.28010.2019
MinimumVisualStudioVersion = 10.0.40219.1
Project("{9A19103F-16F7-4668-BE54-9A1E7A4F7556}") = "WebApi", "WebApi\WebApi.csproj", "{F1E694DE-8F1F-44C4-BE7E-2FD0B72C1EDC}"
EndProject
Project("{2150E333-8FDC-42A3-9474-1A3956D46DE8}") = "DataLayer", "DataLayer", "{9E33DB93-0F5D-45E7-83A7-7C210C8004B2}"
EndProject
Project("{9A19103F-16F7-4668-BE54-9A1E7A4F7556}") = "Repository", "Repository\Repository.csproj", "{3F09365A-9DBD-45B0-AB0A-AF2CA8094623}"
EndProject
Project("{9A19103F-16F7-4668-BE54-9A1E7A4F7556}") = "RepositoryContracts", "RepositoryContracts\RepositoryContracts.csproj", "{5C46353E-2A11-4A1E-9E0E-9FB610A0FB5D}"
EndProject
Project("{9A19103F-16F7-4668-BE54-9A1E7A4F7556}") = "Models", "Models\Models.csproj", "{7368FF2B-2E06-4D5A-8D1D-7BC741C21A3F}"
EndProject
Project("{2150E333-8FDC-42A3-9474-1A3956D46DE8}") = "BusinessLayer", "BusinessLayer", "{010A53F9-BC93-4257-979F-461F97E62BDB}"
EndProject
Project("{2150E333-8FDC-42A3-9474-1A3956D46DE8}") = "BusinessServices", "BusinessServices", "{05B6ADFE-725A-4EFA-9D9F-6D555C1BB692}"
EndProject
Project("{9A19103F-16F7-4668-BE54-9A1E7A4F7556}") = "BusinessServicesImpl", "BusinessServicesImpl\BusinessServicesImpl.csproj", "{A3DDD593-65AF-439A-93D5-ED44C54B5190}"
EndProject
Project("{9A19103F-16F7-4668-BE54-9A1E7A4F7556}") = "BusinessServicesContracts", "BusinessServicesContracts\BusinessServicesContracts.csproj", "{AA1D10B1-02E0-42EB-8748-2CE978C2C703}"
EndProject
Project("{2150E333-8FDC-42A3-9474-1A3956D46DE8}") = "Security", "Security", "{1BA6DE01-FE36-41FE-AC80-54D21C15A6C1}"
EndProject
Project("{9A19103F-16F7-4668-BE54-9A1E7A4F7556}") = "CustomPolicyAuth", "CustomPolicyAuth\CustomPolicyAuth.csproj", "{C580EE6C-AD70-46FB-9D7B-E7791B597966}"
EndProject
Project("{2150E333-8FDC-42A3-9474-1A3956D46DE8}") = "Utilities", "Utilities", "{D147169A-6BFE-4E7E-AD47-7E88EFA920E6}"
EndProject
Project("{2150E333-8FDC-42A3-9474-1A3956D46DE8}") = "Common", "Common", "{AF05A584-185C-4A6F-AF2E-F60CA0C654C2}"
EndProject
Project("{9A19103F-16F7-4668-BE54-9A1E7A4F7556}") = "CommonUtils", "CommonUtils\CommonUtils.csproj", "{989FD076-39E2-4769-BC30-18A8ADEEFD21}"
EndProject
Project("{2150E333-8FDC-42A3-9474-1A3956D46DE8}") = "PresentationLayer", "PresentationLayer", "{E91A288D-ED54-4022-B99C-CB05EB8E931B}"
EndProject
Project("{9A19103F-16F7-4668-BE54-9A1E7A4F7556}") = "BizModels", "ApiModels\BizModels.csproj", "{1F23E413-F8D2-4DB3-96E2-4F49C7615C4F}"
EndProject
Project("{2150E333-8FDC-42A3-9474-1A3956D46DE8}") = "Configuration", "Configuration", "{14E78D7D-370F-4A71-AD55-76A24AC3F6CF}"
EndProject
Project("{9A19103F-16F7-4668-BE54-9A1E7A4F7556}") = "ConfigUtils", "ConfigUtils\ConfigUtils.csproj", "{4907A43A-67EB-4EB0-8530-349A65C88D95}"
EndProject
Project("{2150E333-8FDC-42A3-9474-1A3956D46DE8}") = "ProcessingLayer", "ProcessingLayer", "{B607C103-1561-41D5-8B1F-618BB37AD2DD}"
EndProject
Project("{2150E333-8FDC-42A3-9474-1A3956D46DE8}") = "MetadataExtracting", "MetadataExtracting", "{BCC1809C-5D35-4EF0-9568-B85513FD37E5}"
EndProject
Project("{2150E333-8FDC-42A3-9474-1A3956D46DE8}") = "Transcoding", "Transcoding", "{85A0BA25-84D1-4B2B-9242-C7C53B386AFB}"
EndProject
Project("{2150E333-8FDC-42A3-9474-1A3956D46DE8}") = "Ingesting", "Ingesting", "{E4913C63-CB62-4579-8FC2-ED36852A14AB}"
EndProject
Project("{FAE04EC0-301F-11D3-BF4B-00C04F79EFBC}") = "Transcoder", "Transcoder\Transcoder.csproj", "{19DA2256-BE55-4631-87A0-E6F2E7C8F8F3}"
EndProject
Project("{FAE04EC0-301F-11D3-BF4B-00C04F79EFBC}") = "MetadataExtractor", "MetadataExtractor\MetadataExtractor.csproj", "{51BB627F-59F2-4CFE-AEFF-FCD285C5B0A2}"
EndProject
Global
	GlobalSection(SolutionConfigurationPlatforms) = preSolution
		Debug|Any CPU = Debug|Any CPU
		Release|Any CPU = Release|Any CPU
	EndGlobalSection
	GlobalSection(ProjectConfigurationPlatforms) = postSolution
		{F1E694DE-8F1F-44C4-BE7E-2FD0B72C1EDC}.Debug|Any CPU.ActiveCfg = Debug|Any CPU
		{F1E694DE-8F1F-44C4-BE7E-2FD0B72C1EDC}.Debug|Any CPU.Build.0 = Debug|Any CPU
		{F1E694DE-8F1F-44C4-BE7E-2FD0B72C1EDC}.Release|Any CPU.ActiveCfg = Release|Any CPU
		{F1E694DE-8F1F-44C4-BE7E-2FD0B72C1EDC}.Release|Any CPU.Build.0 = Release|Any CPU
		{3F09365A-9DBD-45B0-AB0A-AF2CA8094623}.Debug|Any CPU.ActiveCfg = Debug|Any CPU
		{3F09365A-9DBD-45B0-AB0A-AF2CA8094623}.Debug|Any CPU.Build.0 = Debug|Any CPU
		{3F09365A-9DBD-45B0-AB0A-AF2CA8094623}.Release|Any CPU.ActiveCfg = Release|Any CPU
		{3F09365A-9DBD-45B0-AB0A-AF2CA8094623}.Release|Any CPU.Build.0 = Release|Any CPU
		{5C46353E-2A11-4A1E-9E0E-9FB610A0FB5D}.Debug|Any CPU.ActiveCfg = Debug|Any CPU
		{5C46353E-2A11-4A1E-9E0E-9FB610A0FB5D}.Debug|Any CPU.Build.0 = Debug|Any CPU
		{5C46353E-2A11-4A1E-9E0E-9FB610A0FB5D}.Release|Any CPU.ActiveCfg = Release|Any CPU
		{5C46353E-2A11-4A1E-9E0E-9FB610A0FB5D}.Release|Any CPU.Build.0 = Release|Any CPU
		{7368FF2B-2E06-4D5A-8D1D-7BC741C21A3F}.Debug|Any CPU.ActiveCfg = Debug|Any CPU
		{7368FF2B-2E06-4D5A-8D1D-7BC741C21A3F}.Debug|Any CPU.Build.0 = Debug|Any CPU
		{7368FF2B-2E06-4D5A-8D1D-7BC741C21A3F}.Release|Any CPU.ActiveCfg = Release|Any CPU
		{7368FF2B-2E06-4D5A-8D1D-7BC741C21A3F}.Release|Any CPU.Build.0 = Release|Any CPU
		{A3DDD593-65AF-439A-93D5-ED44C54B5190}.Debug|Any CPU.ActiveCfg = Debug|Any CPU
		{A3DDD593-65AF-439A-93D5-ED44C54B5190}.Debug|Any CPU.Build.0 = Debug|Any CPU
		{A3DDD593-65AF-439A-93D5-ED44C54B5190}.Release|Any CPU.ActiveCfg = Release|Any CPU
		{A3DDD593-65AF-439A-93D5-ED44C54B5190}.Release|Any CPU.Build.0 = Release|Any CPU
		{AA1D10B1-02E0-42EB-8748-2CE978C2C703}.Debug|Any CPU.ActiveCfg = Debug|Any CPU
		{AA1D10B1-02E0-42EB-8748-2CE978C2C703}.Debug|Any CPU.Build.0 = Debug|Any CPU
		{AA1D10B1-02E0-42EB-8748-2CE978C2C703}.Release|Any CPU.ActiveCfg = Release|Any CPU
		{AA1D10B1-02E0-42EB-8748-2CE978C2C703}.Release|Any CPU.Build.0 = Release|Any CPU
		{C580EE6C-AD70-46FB-9D7B-E7791B597966}.Debug|Any CPU.ActiveCfg = Debug|Any CPU
		{C580EE6C-AD70-46FB-9D7B-E7791B597966}.Debug|Any CPU.Build.0 = Debug|Any CPU
		{C580EE6C-AD70-46FB-9D7B-E7791B597966}.Release|Any CPU.ActiveCfg = Release|Any CPU
		{C580EE6C-AD70-46FB-9D7B-E7791B597966}.Release|Any CPU.Build.0 = Release|Any CPU
		{989FD076-39E2-4769-BC30-18A8ADEEFD21}.Debug|Any CPU.ActiveCfg = Debug|Any CPU
		{989FD076-39E2-4769-BC30-18A8ADEEFD21}.Debug|Any CPU.Build.0 = Debug|Any CPU
		{989FD076-39E2-4769-BC30-18A8ADEEFD21}.Release|Any CPU.ActiveCfg = Release|Any CPU
		{989FD076-39E2-4769-BC30-18A8ADEEFD21}.Release|Any CPU.Build.0 = Release|Any CPU
		{1F23E413-F8D2-4DB3-96E2-4F49C7615C4F}.Debug|Any CPU.ActiveCfg = Debug|Any CPU
		{1F23E413-F8D2-4DB3-96E2-4F49C7615C4F}.Debug|Any CPU.Build.0 = Debug|Any CPU
		{1F23E413-F8D2-4DB3-96E2-4F49C7615C4F}.Release|Any CPU.ActiveCfg = Release|Any CPU
		{1F23E413-F8D2-4DB3-96E2-4F49C7615C4F}.Release|Any CPU.Build.0 = Release|Any CPU
		{4907A43A-67EB-4EB0-8530-349A65C88D95}.Debug|Any CPU.ActiveCfg = Debug|Any CPU
		{4907A43A-67EB-4EB0-8530-349A65C88D95}.Debug|Any CPU.Build.0 = Debug|Any CPU
		{4907A43A-67EB-4EB0-8530-349A65C88D95}.Release|Any CPU.ActiveCfg = Release|Any CPU
		{4907A43A-67EB-4EB0-8530-349A65C88D95}.Release|Any CPU.Build.0 = Release|Any CPU
		{19DA2256-BE55-4631-87A0-E6F2E7C8F8F3}.Debug|Any CPU.ActiveCfg = Debug|Any CPU
		{19DA2256-BE55-4631-87A0-E6F2E7C8F8F3}.Debug|Any CPU.Build.0 = Debug|Any CPU
		{19DA2256-BE55-4631-87A0-E6F2E7C8F8F3}.Release|Any CPU.ActiveCfg = Release|Any CPU
		{19DA2256-BE55-4631-87A0-E6F2E7C8F8F3}.Release|Any CPU.Build.0 = Release|Any CPU
		{51BB627F-59F2-4CFE-AEFF-FCD285C5B0A2}.Debug|Any CPU.ActiveCfg = Debug|Any CPU
		{51BB627F-59F2-4CFE-AEFF-FCD285C5B0A2}.Debug|Any CPU.Build.0 = Debug|Any CPU
		{51BB627F-59F2-4CFE-AEFF-FCD285C5B0A2}.Release|Any CPU.ActiveCfg = Release|Any CPU
		{51BB627F-59F2-4CFE-AEFF-FCD285C5B0A2}.Release|Any CPU.Build.0 = Release|Any CPU
	EndGlobalSection
	GlobalSection(SolutionProperties) = preSolution
		HideSolutionNode = FALSE
	EndGlobalSection
	GlobalSection(NestedProjects) = preSolution
		{3F09365A-9DBD-45B0-AB0A-AF2CA8094623} = {9E33DB93-0F5D-45E7-83A7-7C210C8004B2}
		{5C46353E-2A11-4A1E-9E0E-9FB610A0FB5D} = {9E33DB93-0F5D-45E7-83A7-7C210C8004B2}
		{7368FF2B-2E06-4D5A-8D1D-7BC741C21A3F} = {9E33DB93-0F5D-45E7-83A7-7C210C8004B2}
		{05B6ADFE-725A-4EFA-9D9F-6D555C1BB692} = {010A53F9-BC93-4257-979F-461F97E62BDB}
		{A3DDD593-65AF-439A-93D5-ED44C54B5190} = {05B6ADFE-725A-4EFA-9D9F-6D555C1BB692}
		{AA1D10B1-02E0-42EB-8748-2CE978C2C703} = {05B6ADFE-725A-4EFA-9D9F-6D555C1BB692}
		{1BA6DE01-FE36-41FE-AC80-54D21C15A6C1} = {010A53F9-BC93-4257-979F-461F97E62BDB}
		{C580EE6C-AD70-46FB-9D7B-E7791B597966} = {1BA6DE01-FE36-41FE-AC80-54D21C15A6C1}
		{AF05A584-185C-4A6F-AF2E-F60CA0C654C2} = {D147169A-6BFE-4E7E-AD47-7E88EFA920E6}
		{989FD076-39E2-4769-BC30-18A8ADEEFD21} = {AF05A584-185C-4A6F-AF2E-F60CA0C654C2}
		{1F23E413-F8D2-4DB3-96E2-4F49C7615C4F} = {E91A288D-ED54-4022-B99C-CB05EB8E931B}
		{14E78D7D-370F-4A71-AD55-76A24AC3F6CF} = {D147169A-6BFE-4E7E-AD47-7E88EFA920E6}
		{4907A43A-67EB-4EB0-8530-349A65C88D95} = {14E78D7D-370F-4A71-AD55-76A24AC3F6CF}
		{BCC1809C-5D35-4EF0-9568-B85513FD37E5} = {B607C103-1561-41D5-8B1F-618BB37AD2DD}
		{85A0BA25-84D1-4B2B-9242-C7C53B386AFB} = {B607C103-1561-41D5-8B1F-618BB37AD2DD}
		{E4913C63-CB62-4579-8FC2-ED36852A14AB} = {B607C103-1561-41D5-8B1F-618BB37AD2DD}
		{19DA2256-BE55-4631-87A0-E6F2E7C8F8F3} = {85A0BA25-84D1-4B2B-9242-C7C53B386AFB}
		{51BB627F-59F2-4CFE-AEFF-FCD285C5B0A2} = {BCC1809C-5D35-4EF0-9568-B85513FD37E5}
	EndGlobalSection
	GlobalSection(ExtensibilityGlobals) = postSolution
		SolutionGuid = {F80FB861-DF4E-4406-8A86-CA59EE654019}
	EndGlobalSection
EndGlobal
