
Microsoft Visual Studio Solution File, Format Version 12.00
# Visual Studio 15
VisualStudioVersion = 15.0.28010.2019
MinimumVisualStudioVersion = 10.0.40219.1
Project("{FAE04EC0-301F-11D3-BF4B-00C04F79EFBC}") = "WebApi", "WebApi\WebApi.csproj", "{F1E694DE-8F1F-44C4-BE7E-2FD0B72C1EDC}"
EndProject
Global
	GlobalSection(SolutionConfigurationPlatforms) = preSolution
		Debug|Any CPU = Debug|Any CPU
		Release|Any CPU = Release|Any CPU
	EndGlobalSection
	GlobalSection(ProjectConfigurationPlatforms) = postSolution
		{F1E694DE-8F1F-44C4-BE7E-2FD0B72C1EDC}.Debug|Any CPU.ActiveCfg = Debug|Any CPU
		{F1E694DE-8F1F-44C4-BE7E-2FD0B72C1EDC}.Debug|Any CPU.Build.0 = Debug|Any CPU
		{F1E694DE-8F1F-44C4-BE7E-2FD0B72C1EDC}.Release|Any CPU.ActiveCfg = Release|Any CPU
		{F1E694DE-8F1F-44C4-BE7E-2FD0B72C1EDC}.Release|Any CPU.Build.0 = Release|Any CPU
	EndGlobalSection
	GlobalSection(SolutionProperties) = preSolution
		HideSolutionNode = FALSE
	EndGlobalSection
	GlobalSection(ExtensibilityGlobals) = postSolution
		SolutionGuid = {F80FB861-DF4E-4406-8A86-CA59EE654019}
	EndGlobalSection
EndGlobal
